// !$*UTF8*$!
{
	archiveVersion = 1;
	classes = {
	};
	objectVersion = 48;
	objects = {

/* Begin PBXBuildFile section */
		0400793620BEC3E4009B771C /* ScrollV.m in Sources */ = {isa = PBXBuildFile; fileRef = 0400793520BEC3E3009B771C /* ScrollV.m */; };
		04B7E42D20B7945B00F6AB15 /* AppDelegate.m in Sources */ = {isa = PBXBuildFile; fileRef = 04B7E42C20B7945B00F6AB15 /* AppDelegate.m */; };
		04B7E43020B7945B00F6AB15 /* ViewController.m in Sources */ = {isa = PBXBuildFile; fileRef = 04B7E42F20B7945B00F6AB15 /* ViewController.m */; };
		04B7E43320B7945B00F6AB15 /* Main.storyboard in Resources */ = {isa = PBXBuildFile; fileRef = 04B7E43120B7945B00F6AB15 /* Main.storyboard */; };
		04B7E43520B7945B00F6AB15 /* Assets.xcassets in Resources */ = {isa = PBXBuildFile; fileRef = 04B7E43420B7945B00F6AB15 /* Assets.xcassets */; };
		04B7E43820B7945B00F6AB15 /* LaunchScreen.storyboard in Resources */ = {isa = PBXBuildFile; fileRef = 04B7E43620B7945B00F6AB15 /* LaunchScreen.storyboard */; };
		04B7E43B20B7945B00F6AB15 /* main.m in Sources */ = {isa = PBXBuildFile; fileRef = 04B7E43A20B7945B00F6AB15 /* main.m */; };
		04B7E44520B7945B00F6AB15 /* qwerUITests.m in Sources */ = {isa = PBXBuildFile; fileRef = 04B7E44420B7945B00F6AB15 /* qwerUITests.m */; };
		04B7E47220B7A2D800F6AB15 /* ScrollView.framework in Frameworks */ = {isa = PBXBuildFile; fileRef = 04B7E47120B7A2D800F6AB15 /* ScrollView.framework */; };
/* End PBXBuildFile section */

/* Begin PBXContainerItemProxy section */
		04B7E44120B7945B00F6AB15 /* PBXContainerItemProxy */ = {
			isa = PBXContainerItemProxy;
			containerPortal = 04B7E42020B7945B00F6AB15 /* Project object */;
			proxyType = 1;
			remoteGlobalIDString = 04B7E42720B7945B00F6AB15;
			remoteInfo = qwer;
		};
/* End PBXContainerItemProxy section */

/* Begin PBXFileReference section */
		0400793420BEC3E3009B771C /* ScrollV.h */ = {isa = PBXFileReference; fileEncoding = 4; lastKnownFileType = sourcecode.c.h; path = ScrollV.h; sourceTree = "<group>"; };
		0400793520BEC3E3009B771C /* ScrollV.m */ = {isa = PBXFileReference; fileEncoding = 4; lastKnownFileType = sourcecode.c.objc; path = ScrollV.m; sourceTree = "<group>"; };
		04B7E42820B7945B00F6AB15 /* qwer.app */ = {isa = PBXFileReference; explicitFileType = wrapper.application; includeInIndex = 0; path = qwer.app; sourceTree = BUILT_PRODUCTS_DIR; };
		04B7E42B20B7945B00F6AB15 /* AppDelegate.h */ = {isa = PBXFileReference; lastKnownFileType = sourcecode.c.h; path = AppDelegate.h; sourceTree = "<group>"; };
		04B7E42C20B7945B00F6AB15 /* AppDelegate.m */ = {isa = PBXFileReference; lastKnownFileType = sourcecode.c.objc; path = AppDelegate.m; sourceTree = "<group>"; };
		04B7E42E20B7945B00F6AB15 /* ViewController.h */ = {isa = PBXFileReference; lastKnownFileType = sourcecode.c.h; path = ViewController.h; sourceTree = "<group>"; };
		04B7E42F20B7945B00F6AB15 /* ViewController.m */ = {isa = PBXFileReference; lastKnownFileType = sourcecode.c.objc; path = ViewController.m; sourceTree = "<group>"; };
		04B7E43220B7945B00F6AB15 /* Base */ = {isa = PBXFileReference; lastKnownFileType = file.storyboard; name = Base; path = Base.lproj/Main.storyboard; sourceTree = "<group>"; };
		04B7E43420B7945B00F6AB15 /* Assets.xcassets */ = {isa = PBXFileReference; lastKnownFileType = folder.assetcatalog; path = Assets.xcassets; sourceTree = "<group>"; };
		04B7E43720B7945B00F6AB15 /* Base */ = {isa = PBXFileReference; lastKnownFileType = file.storyboard; name = Base; path = Base.lproj/LaunchScreen.storyboard; sourceTree = "<group>"; };
		04B7E43920B7945B00F6AB15 /* Info.plist */ = {isa = PBXFileReference; lastKnownFileType = text.plist.xml; path = Info.plist; sourceTree = "<group>"; };
		04B7E43A20B7945B00F6AB15 /* main.m */ = {isa = PBXFileReference; lastKnownFileType = sourcecode.c.objc; path = main.m; sourceTree = "<group>"; };
		04B7E44020B7945B00F6AB15 /* qwerUITests.xctest */ = {isa = PBXFileReference; explicitFileType = wrapper.cfbundle; includeInIndex = 0; path = qwerUITests.xctest; sourceTree = BUILT_PRODUCTS_DIR; };
		04B7E44420B7945B00F6AB15 /* qwerUITests.m */ = {isa = PBXFileReference; lastKnownFileType = sourcecode.c.objc; path = qwerUITests.m; sourceTree = "<group>"; };
		04B7E44620B7945B00F6AB15 /* Info.plist */ = {isa = PBXFileReference; lastKnownFileType = text.plist.xml; path = Info.plist; sourceTree = "<group>"; };
		04B7E47120B7A2D800F6AB15 /* ScrollView.framework */ = {isa = PBXFileReference; lastKnownFileType = wrapper.framework; path = ScrollView.framework; sourceTree = "<group>"; };
/* End PBXFileReference section */

/* Begin PBXFrameworksBuildPhase section */
		04B7E42520B7945B00F6AB15 /* Frameworks */ = {
			isa = PBXFrameworksBuildPhase;
			buildActionMask = 2147483647;
			files = (
				04B7E47220B7A2D800F6AB15 /* ScrollView.framework in Frameworks */,
			);
			runOnlyForDeploymentPostprocessing = 0;
		};
		04B7E43D20B7945B00F6AB15 /* Frameworks */ = {
			isa = PBXFrameworksBuildPhase;
			buildActionMask = 2147483647;
			files = (
			);
			runOnlyForDeploymentPostprocessing = 0;
		};
/* End PBXFrameworksBuildPhase section */

/* Begin PBXGroup section */
		0400793320BEC3D0009B771C /* ScrollV */ = {
			isa = PBXGroup;
			children = (
				0400793420BEC3E3009B771C /* ScrollV.h */,
				0400793520BEC3E3009B771C /* ScrollV.m */,
			);
			path = ScrollV;
			sourceTree = "<group>";
		};
		04B7E41F20B7945B00F6AB15 = {
			isa = PBXGroup;
			children = (
				04B7E42A20B7945B00F6AB15 /* qwer */,
				04B7E44320B7945B00F6AB15 /* qwerUITests */,
				04B7E42920B7945B00F6AB15 /* Products */,
			);
			sourceTree = "<group>";
		};
		04B7E42920B7945B00F6AB15 /* Products */ = {
			isa = PBXGroup;
			children = (
				04B7E42820B7945B00F6AB15 /* qwer.app */,
				04B7E44020B7945B00F6AB15 /* qwerUITests.xctest */,
			);
			name = Products;
			sourceTree = "<group>";
		};
		04B7E42A20B7945B00F6AB15 /* qwer */ = {
			isa = PBXGroup;
			children = (
				04B7E47120B7A2D800F6AB15 /* ScrollView.framework */,
				04B7E42B20B7945B00F6AB15 /* AppDelegate.h */,
				04B7E42C20B7945B00F6AB15 /* AppDelegate.m */,
				04B7E42E20B7945B00F6AB15 /* ViewController.h */,
				04B7E42F20B7945B00F6AB15 /* ViewController.m */,
				0400793320BEC3D0009B771C /* ScrollV */,
				04B7E43120B7945B00F6AB15 /* Main.storyboard */,
				04B7E43420B7945B00F6AB15 /* Assets.xcassets */,
				04B7E43620B7945B00F6AB15 /* LaunchScreen.storyboard */,
				04B7E43920B7945B00F6AB15 /* Info.plist */,
				04B7E43A20B7945B00F6AB15 /* main.m */,
			);
			path = qwer;
			sourceTree = "<group>";
		};
		04B7E44320B7945B00F6AB15 /* qwerUITests */ = {
			isa = PBXGroup;
			children = (
				04B7E44420B7945B00F6AB15 /* qwerUITests.m */,
				04B7E44620B7945B00F6AB15 /* Info.plist */,
			);
			path = qwerUITests;
			sourceTree = "<group>";
		};
/* End PBXGroup section */

/* Begin PBXNativeTarget section */
		04B7E42720B7945B00F6AB15 /* qwer */ = {
			isa = PBXNativeTarget;
			buildConfigurationList = 04B7E44920B7945B00F6AB15 /* Build configuration list for PBXNativeTarget "qwer" */;
			buildPhases = (
				04B7E42420B7945B00F6AB15 /* Sources */,
				04B7E42520B7945B00F6AB15 /* Frameworks */,
				04B7E42620B7945B00F6AB15 /* Resources */,
			);
			buildRules = (
			);
			dependencies = (
			);
			name = qwer;
			productName = qwer;
			productReference = 04B7E42820B7945B00F6AB15 /* qwer.app */;
			productType = "com.apple.product-type.application";
		};
		04B7E43F20B7945B00F6AB15 /* qwerUITests */ = {
			isa = PBXNativeTarget;
			buildConfigurationList = 04B7E44C20B7945B00F6AB15 /* Build configuration list for PBXNativeTarget "qwerUITests" */;
			buildPhases = (
				04B7E43C20B7945B00F6AB15 /* Sources */,
				04B7E43D20B7945B00F6AB15 /* Frameworks */,
				04B7E43E20B7945B00F6AB15 /* Resources */,
			);
			buildRules = (
			);
			dependencies = (
				04B7E44220B7945B00F6AB15 /* PBXTargetDependency */,
			);
			name = qwerUITests;
			productName = qwerUITests;
			productReference = 04B7E44020B7945B00F6AB15 /* qwerUITests.xctest */;
			productType = "com.apple.product-type.bundle.ui-testing";
		};
/* End PBXNativeTarget section */

/* Begin PBXProject section */
		04B7E42020B7945B00F6AB15 /* Project object */ = {
			isa = PBXProject;
			attributes = {
				LastUpgradeCheck = 0920;
				ORGANIZATIONNAME = mac;
				TargetAttributes = {
					04B7E42720B7945B00F6AB15 = {
						CreatedOnToolsVersion = 9.2;
						ProvisioningStyle = Automatic;
					};
					04B7E43F20B7945B00F6AB15 = {
						CreatedOnToolsVersion = 9.2;
						ProvisioningStyle = Automatic;
						TestTargetID = 04B7E42720B7945B00F6AB15;
					};
				};
			};
			buildConfigurationList = 04B7E42320B7945B00F6AB15 /* Build configuration list for PBXProject "qwer" */;
			compatibilityVersion = "Xcode 8.0";
			developmentRegion = en;
			hasScannedForEncodings = 0;
			knownRegions = (
				en,
				Base,
			);
			mainGroup = 04B7E41F20B7945B00F6AB15;
			productRefGroup = 04B7E42920B7945B00F6AB15 /* Products */;
			projectDirPath = "";
			projectRoot = "";
			targets = (
				04B7E42720B7945B00F6AB15 /* qwer */,
				04B7E43F20B7945B00F6AB15 /* qwerUITests */,
			);
		};
/* End PBXProject section */

/* Begin PBXResourcesBuildPhase section */
		04B7E42620B7945B00F6AB15 /* Resources */ = {
			isa = PBXResourcesBuildPhase;
			buildActionMask = 2147483647;
			files = (
				04B7E43820B7945B00F6AB15 /* LaunchScreen.storyboard in Resources */,
				04B7E43520B7945B00F6AB15 /* Assets.xcassets in Resources */,
				04B7E43320B7945B00F6AB15 /* Main.storyboard in Resources */,
			);
			runOnlyForDeploymentPostprocessing = 0;
		};
		04B7E43E20B7945B00F6AB15 /* Resources */ = {
			isa = PBXResourcesBuildPhase;
			buildActionMask = 2147483647;
			files = (
			);
			runOnlyForDeploymentPostprocessing = 0;
		};
/* End PBXResourcesBuildPhase section */

/* Begin PBXSourcesBuildPhase section */
		04B7E42420B7945B00F6AB15 /* Sources */ = {
			isa = PBXSourcesBuildPhase;
			buildActionMask = 2147483647;
			files = (
				04B7E43020B7945B00F6AB15 /* ViewController.m in Sources */,
				0400793620BEC3E4009B771C /* ScrollV.m in Sources */,
				04B7E43B20B7945B00F6AB15 /* main.m in Sources */,
				04B7E42D20B7945B00F6AB15 /* AppDelegate.m in Sources */,
			);
			runOnlyForDeploymentPostprocessing = 0;
		};
		04B7E43C20B7945B00F6AB15 /* Sources */ = {
			isa = PBXSourcesBuildPhase;
			buildActionMask = 2147483647;
			files = (
				04B7E44520B7945B00F6AB15 /* qwerUITests.m in Sources */,
			);
			runOnlyForDeploymentPostprocessing = 0;
		};
/* End PBXSourcesBuildPhase section */

/* Begin PBXTargetDependency section */
		04B7E44220B7945B00F6AB15 /* PBXTargetDependency */ = {
			isa = PBXTargetDependency;
			target = 04B7E42720B7945B00F6AB15 /* qwer */;
			targetProxy = 04B7E44120B7945B00F6AB15 /* PBXContainerItemProxy */;
		};
/* End PBXTargetDependency section */

/* Begin PBXVariantGroup section */
		04B7E43120B7945B00F6AB15 /* Main.storyboard */ = {
			isa = PBXVariantGroup;
			children = (
				04B7E43220B7945B00F6AB15 /* Base */,
			);
			name = Main.storyboard;
			sourceTree = "<group>";
		};
		04B7E43620B7945B00F6AB15 /* LaunchScreen.storyboard */ = {
			isa = PBXVariantGroup;
			children = (
				04B7E43720B7945B00F6AB15 /* Base */,
			);
			name = LaunchScreen.storyboard;
			sourceTree = "<group>";
		};
/* End PBXVariantGroup section */

/* Begin XCBuildConfiguration section */
		04B7E44720B7945B00F6AB15 /* Debug */ = {
			isa = XCBuildConfiguration;
			buildSettings = {
				ALWAYS_SEARCH_USER_PATHS = NO;
				CLANG_ANALYZER_NONNULL = YES;
				CLANG_ANALYZER_NUMBER_OBJECT_CONVERSION = YES_AGGRESSIVE;
				CLANG_CXX_LANGUAGE_STANDARD = "gnu++14";
				CLANG_CXX_LIBRARY = "libc++";
				CLANG_ENABLE_MODULES = YES;
				CLANG_ENABLE_OBJC_ARC = YES;
				CLANG_WARN_BLOCK_CAPTURE_AUTORELEASING = YES;
				CLANG_WARN_BOOL_CONVERSION = YES;
				CLANG_WARN_COMMA = YES;
				CLANG_WARN_CONSTANT_CONVERSION = YES;
				CLANG_WARN_DIRECT_OBJC_ISA_USAGE = YES_ERROR;
				CLANG_WARN_DOCUMENTATION_COMMENTS = YES;
				CLANG_WARN_EMPTY_BODY = YES;
				CLANG_WARN_ENUM_CONVERSION = YES;
				CLANG_WARN_INFINITE_RECURSION = YES;
				CLANG_WARN_INT_CONVERSION = YES;
				CLANG_WARN_NON_LITERAL_NULL_CONVERSION = YES;
				CLANG_WARN_OBJC_LITERAL_CONVERSION = YES;
				CLANG_WARN_OBJC_ROOT_CLASS = YES_ERROR;
				CLANG_WARN_RANGE_LOOP_ANALYSIS = YES;
				CLANG_WARN_STRICT_PROTOTYPES = YES;
				CLANG_WARN_SUSPICIOUS_MOVE = YES;
				CLANG_WARN_UNGUARDED_AVAILABILITY = YES_AGGRESSIVE;
				CLANG_WARN_UNREACHABLE_CODE = YES;
				CLANG_WARN__DUPLICATE_METHOD_MATCH = YES;
				CODE_SIGN_IDENTITY = "iPhone Developer";
				COPY_PHASE_STRIP = NO;
				DEBUG_INFORMATION_FORMAT = dwarf;
				ENABLE_STRICT_OBJC_MSGSEND = YES;
				ENABLE_TESTABILITY = YES;
				GCC_C_LANGUAGE_STANDARD = gnu11;
				GCC_DYNAMIC_NO_PIC = NO;
				GCC_NO_COMMON_BLOCKS = YES;
				GCC_OPTIMIZATION_LEVEL = 0;
				GCC_PREPROCESSOR_DEFINITIONS = (
					"DEBUG=1",
					"$(inherited)",
				);
				GCC_WARN_64_TO_32_BIT_CONVERSION = YES;
				GCC_WARN_ABOUT_RETURN_TYPE = YES_ERROR;
				GCC_WARN_UNDECLARED_SELECTOR = YES;
				GCC_WARN_UNINITIALIZED_AUTOS = YES_AGGRESSIVE;
				GCC_WARN_UNUSED_FUNCTION = YES;
				GCC_WARN_UNUSED_VARIABLE = YES;
				IPHONEOS_DEPLOYMENT_TARGET = 11.2;
				MTL_ENABLE_DEBUG_INFO = YES;
				ONLY_ACTIVE_ARCH = YES;
				SDKROOT = iphoneos;
			};
			name = Debug;
		};
		04B7E44820B7945B00F6AB15 /* Release */ = {
			isa = XCBuildConfiguration;
			buildSettings = {
				ALWAYS_SEARCH_USER_PATHS = NO;
				CLANG_ANALYZER_NONNULL = YES;
				CLANG_ANALYZER_NUMBER_OBJECT_CONVERSION = YES_AGGRESSIVE;
				CLANG_CXX_LANGUAGE_STANDARD = "gnu++14";
				CLANG_CXX_LIBRARY = "libc++";
				CLANG_ENABLE_MODULES = YES;
				CLANG_ENABLE_OBJC_ARC = YES;
				CLANG_WARN_BLOCK_CAPTURE_AUTORELEASING = YES;
				CLANG_WARN_BOOL_CONVERSION = YES;
				CLANG_WARN_COMMA = YES;
				CLANG_WARN_CONSTANT_CONVERSION = YES;
				CLANG_WARN_DIRECT_OBJC_ISA_USAGE = YES_ERROR;
				CLANG_WARN_DOCUMENTATION_COMMENTS = YES;
				CLANG_WARN_EMPTY_BODY = YES;
				CLANG_WARN_ENUM_CONVERSION = YES;
				CLANG_WARN_INFINITE_RECURSION = YES;
				CLANG_WARN_INT_CONVERSION = YES;
				CLANG_WARN_NON_LITERAL_NULL_CONVERSION = YES;
				CLANG_WARN_OBJC_LITERAL_CONVERSION = YES;
				CLANG_WARN_OBJC_ROOT_CLASS = YES_ERROR;
				CLANG_WARN_RANGE_LOOP_ANALYSIS = YES;
				CLANG_WARN_STRICT_PROTOTYPES = YES;
				CLANG_WARN_SUSPICIOUS_MOVE = YES;
				CLANG_WARN_UNGUARDED_AVAILABILITY = YES_AGGRESSIVE;
				CLANG_WARN_UNREACHABLE_CODE = YES;
				CLANG_WARN__DUPLICATE_METHOD_MATCH = YES;
				CODE_SIGN_IDENTITY = "iPhone Developer";
				COPY_PHASE_STRIP = NO;
				DEBUG_INFORMATION_FORMAT = "dwarf-with-dsym";
				ENABLE_NS_ASSERTIONS = NO;
				ENABLE_STRICT_OBJC_MSGSEND = YES;
				GCC_C_LANGUAGE_STANDARD = gnu11;
				GCC_NO_COMMON_BLOCKS = YES;
				GCC_WARN_64_TO_32_BIT_CONVERSION = YES;
				GCC_WARN_ABOUT_RETURN_TYPE = YES_ERROR;
				GCC_WARN_UNDECLARED_SELECTOR = YES;
				GCC_WARN_UNINITIALIZED_AUTOS = YES_AGGRESSIVE;
				GCC_WARN_UNUSED_FUNCTION = YES;
				GCC_WARN_UNUSED_VARIABLE = YES;
				IPHONEOS_DEPLOYMENT_TARGET = 11.2;
				MTL_ENABLE_DEBUG_INFO = NO;
				SDKROOT = iphoneos;
				VALIDATE_PRODUCT = YES;
			};
			name = Release;
		};
		04B7E44A20B7945B00F6AB15 /* Debug */ = {
			isa = XCBuildConfiguration;
			buildSettings = {
				ASSETCATALOG_COMPILER_APPICON_NAME = AppIcon;
				CODE_SIGN_STYLE = Automatic;
				FRAMEWORK_SEARCH_PATHS = (
					"$(inherited)",
					"$(PROJECT_DIR)/qwer",
				);
				INFOPLIST_FILE = qwer/Info.plist;
				LD_RUNPATH_SEARCH_PATHS = "$(inherited) @executable_path/Frameworks";
				PRODUCT_BUNDLE_IDENTIFIER = Rogue.qwer;
				PRODUCT_NAME = "$(TARGET_NAME)";
				TARGETED_DEVICE_FAMILY = "1,2";
			};
			name = Debug;
		};
		04B7E44B20B7945B00F6AB15 /* Release */ = {
			isa = XCBuildConfiguration;
			buildSettings = {
				ASSETCATALOG_COMPILER_APPICON_NAME = AppIcon;
				CODE_SIGN_STYLE = Automatic;
				FRAMEWORK_SEARCH_PATHS = (
					"$(inherited)",
					"$(PROJECT_DIR)/qwer",
				);
				INFOPLIST_FILE = qwer/Info.plist;
				LD_RUNPATH_SEARCH_PATHS = "$(inherited) @executable_path/Frameworks";
				PRODUCT_BUNDLE_IDENTIFIER = Rogue.qwer;
				PRODUCT_NAME = "$(TARGET_NAME)";
				TARGETED_DEVICE_FAMILY = "1,2";
			};
			name = Release;
		};
		04B7E44D20B7945B00F6AB15 /* Debug */ = {
			isa = XCBuildConfiguration;
			buildSettings = {
				CODE_SIGN_STYLE = Automatic;
				INFOPLIST_FILE = qwerUITests/Info.plist;
				LD_RUNPATH_SEARCH_PATHS = "$(inherited) @executable_path/Frameworks @loader_path/Frameworks";
				PRODUCT_BUNDLE_IDENTIFIER = Rogue.qwerUITests;
				PRODUCT_NAME = "$(TARGET_NAME)";
				TARGETED_DEVICE_FAMILY = "1,2";
				TEST_TARGET_NAME = qwer;
			};
			name = Debug;
		};
		04B7E44E20B7945B00F6AB15 /* Release */ = {
			isa = XCBuildConfiguration;
			buildSettings = {
				CODE_SIGN_STYLE = Automatic;
				INFOPLIST_FILE = qwerUITests/Info.plist;
				LD_RUNPATH_SEARCH_PATHS = "$(inherited) @executable_path/Frameworks @loader_path/Frameworks";
				PRODUCT_BUNDLE_IDENTIFIER = Rogue.qwerUITests;
				PRODUCT_NAME = "$(TARGET_NAME)";
				TARGETED_DEVICE_FAMILY = "1,2";
				TEST_TARGET_NAME = qwer;
			};
			name = Release;
		};
/* End XCBuildConfiguration section */

/* Begin XCConfigurationList section */
		04B7E42320B7945B00F6AB15 /* Build configuration list for PBXProject "qwer" */ = {
			isa = XCConfigurationList;
			buildConfigurations = (
				04B7E44720B7945B00F6AB15 /* Debug */,
				04B7E44820B7945B00F6AB15 /* Release */,
			);
			defaultConfigurationIsVisible = 0;
			defaultConfigurationName = Release;
		};
		04B7E44920B7945B00F6AB15 /* Build configuration list for PBXNativeTarget "qwer" */ = {
			isa = XCConfigurationList;
			buildConfigurations = (
				04B7E44A20B7945B00F6AB15 /* Debug */,
				04B7E44B20B7945B00F6AB15 /* Release */,
			);
			defaultConfigurationIsVisible = 0;
			defaultConfigurationName = Release;
		};
		04B7E44C20B7945B00F6AB15 /* Build configuration list for PBXNativeTarget "qwerUITests" */ = {
			isa = XCConfigurationList;
			buildConfigurations = (
				04B7E44D20B7945B00F6AB15 /* Debug */,
				04B7E44E20B7945B00F6AB15 /* Release */,
			);
			defaultConfigurationIsVisible = 0;
			defaultConfigurationName = Release;
		};
/* End XCConfigurationList section */
	};
	rootObject = 04B7E42020B7945B00F6AB15 /* Project object */;
}
